// !$*UTF8*$!
{
	archiveVersion = 1;
	classes = {
	};
	objectVersion = 55;
	objects = {

/* Begin PBXBuildFile section */
		F82524162770C28D0003DC44 /* DDD3App.swift in Sources */ = {isa = PBXBuildFile; fileRef = F82524152770C28D0003DC44 /* DDD3App.swift */; };
		F82524182770C28D0003DC44 /* DDD3ContentView.swift in Sources */ = {isa = PBXBuildFile; fileRef = F82524172770C28D0003DC44 /* DDD3ContentView.swift */; };
		F825241A2770C2900003DC44 /* Assets.xcassets in Resources */ = {isa = PBXBuildFile; fileRef = F82524192770C2900003DC44 /* Assets.xcassets */; };
		F825241D2770C2900003DC44 /* Preview Assets.xcassets in Resources */ = {isa = PBXBuildFile; fileRef = F825241C2770C2900003DC44 /* Preview Assets.xcassets */; };
		F8870F2327713CF2007B20F6 /* DDD3CardView.swift in Sources */ = {isa = PBXBuildFile; fileRef = F8870F2227713CF2007B20F6 /* DDD3CardView.swift */; };
		F8A619352777716F004253EB /* LetsGoButtonView.swift in Sources */ = {isa = PBXBuildFile; fileRef = F8A619342777716E004253EB /* LetsGoButtonView.swift */; };
		F8A6193727777F28004253EB /* OnboardingView.swift in Sources */ = {isa = PBXBuildFile; fileRef = F8A6193627777F28004253EB /* OnboardingView.swift */; };
		F8B7DA412791EFBD00B547C2 /* BoiteRowView.swift in Sources */ = {isa = PBXBuildFile; fileRef = F8B7DA402791EFBC00B547C2 /* BoiteRowView.swift */; };
		F8E70136277A19EA00AE4C2F /* BoiteModel.swift in Sources */ = {isa = PBXBuildFile; fileRef = F8E70135277A19E900AE4C2F /* BoiteModel.swift */; };
		F8E70139277A1E6000AE4C2F /* BoiteData.swift in Sources */ = {isa = PBXBuildFile; fileRef = F8E70138277A1E6000AE4C2F /* BoiteData.swift */; };
/* End PBXBuildFile section */

/* Begin PBXFileReference section */
		F82524122770C28D0003DC44 /* DDD3.app */ = {isa = PBXFileReference; explicitFileType = wrapper.application; includeInIndex = 0; path = DDD3.app; sourceTree = BUILT_PRODUCTS_DIR; };
		F82524152770C28D0003DC44 /* DDD3App.swift */ = {isa = PBXFileReference; lastKnownFileType = sourcecode.swift; path = DDD3App.swift; sourceTree = "<group>"; };
		F82524172770C28D0003DC44 /* DDD3ContentView.swift */ = {isa = PBXFileReference; lastKnownFileType = sourcecode.swift; path = DDD3ContentView.swift; sourceTree = "<group>"; };
		F82524192770C2900003DC44 /* Assets.xcassets */ = {isa = PBXFileReference; lastKnownFileType = folder.assetcatalog; path = Assets.xcassets; sourceTree = "<group>"; };
		F825241C2770C2900003DC44 /* Preview Assets.xcassets */ = {isa = PBXFileReference; lastKnownFileType = folder.assetcatalog; path = "Preview Assets.xcassets"; sourceTree = "<group>"; };
		F8870F2227713CF2007B20F6 /* DDD3CardView.swift */ = {isa = PBXFileReference; lastKnownFileType = sourcecode.swift; path = DDD3CardView.swift; sourceTree = "<group>"; };
		F8A619342777716E004253EB /* LetsGoButtonView.swift */ = {isa = PBXFileReference; lastKnownFileType = sourcecode.swift; path = LetsGoButtonView.swift; sourceTree = "<group>"; };
		F8A6193627777F28004253EB /* OnboardingView.swift */ = {isa = PBXFileReference; lastKnownFileType = sourcecode.swift; path = OnboardingView.swift; sourceTree = "<group>"; };
		F8B7DA402791EFBC00B547C2 /* BoiteRowView.swift */ = {isa = PBXFileReference; lastKnownFileType = sourcecode.swift; path = BoiteRowView.swift; sourceTree = "<group>"; };
		F8E70135277A19E900AE4C2F /* BoiteModel.swift */ = {isa = PBXFileReference; lastKnownFileType = sourcecode.swift; path = BoiteModel.swift; sourceTree = "<group>"; };
		F8E70138277A1E6000AE4C2F /* BoiteData.swift */ = {isa = PBXFileReference; lastKnownFileType = sourcecode.swift; path = BoiteData.swift; sourceTree = "<group>"; };
/* End PBXFileReference section */

/* Begin PBXFrameworksBuildPhase section */
		F825240F2770C28D0003DC44 /* Frameworks */ = {
			isa = PBXFrameworksBuildPhase;
			buildActionMask = 2147483647;
			files = (
			);
			runOnlyForDeploymentPostprocessing = 0;
		};
/* End PBXFrameworksBuildPhase section */

/* Begin PBXGroup section */
		F82524092770C28D0003DC44 = {
			isa = PBXGroup;
			children = (
				F82524142770C28D0003DC44 /* DDD3 */,
				F82524132770C28D0003DC44 /* Products */,
			);
			sourceTree = "<group>";
		};
		F82524132770C28D0003DC44 /* Products */ = {
			isa = PBXGroup;
			children = (
				F82524122770C28D0003DC44 /* DDD3.app */,
			);
			name = Products;
			sourceTree = "<group>";
		};
		F82524142770C28D0003DC44 /* DDD3 */ = {
			isa = PBXGroup;
			children = (
				F8870F2027713BEB007B20F6 /* App */,
				F8870F2127713C5E007B20F6 /* View */,
				F8E70137277A1E2300AE4C2F /* Data */,
				F8E70134277A18C200AE4C2F /* Model */,
				F82524192770C2900003DC44 /* Assets.xcassets */,
				F825241B2770C2900003DC44 /* Preview Content */,
			);
			path = DDD3;
			sourceTree = "<group>";
		};
		F825241B2770C2900003DC44 /* Preview Content */ = {
			isa = PBXGroup;
			children = (
				F825241C2770C2900003DC44 /* Preview Assets.xcassets */,
			);
			path = "Preview Content";
			sourceTree = "<group>";
		};
		F8870F2027713BEB007B20F6 /* App */ = {
			isa = PBXGroup;
			children = (
				F82524152770C28D0003DC44 /* DDD3App.swift */,
				F82524172770C28D0003DC44 /* DDD3ContentView.swift */,
				F8A6193627777F28004253EB /* OnboardingView.swift */,
			);
			path = App;
			sourceTree = "<group>";
		};
		F8870F2127713C5E007B20F6 /* View */ = {
			isa = PBXGroup;
			children = (
				F8870F2227713CF2007B20F6 /* DDD3CardView.swift */,
				F8A619342777716E004253EB /* LetsGoButtonView.swift */,
				F8B7DA402791EFBC00B547C2 /* BoiteRowView.swift */,
			);
			path = View;
			sourceTree = "<group>";
		};
		F8E70134277A18C200AE4C2F /* Model */ = {
			isa = PBXGroup;
			children = (
				F8E70135277A19E900AE4C2F /* BoiteModel.swift */,
			);
			path = Model;
			sourceTree = "<group>";
		};
		F8E70137277A1E2300AE4C2F /* Data */ = {
			isa = PBXGroup;
			children = (
				F8E70138277A1E6000AE4C2F /* BoiteData.swift */,
			);
			path = Data;
			sourceTree = "<group>";
		};
/* End PBXGroup section */

/* Begin PBXNativeTarget section */
		F82524112770C28D0003DC44 /* DDD3 */ = {
			isa = PBXNativeTarget;
			buildConfigurationList = F82524202770C2900003DC44 /* Build configuration list for PBXNativeTarget "DDD3" */;
			buildPhases = (
				F825240E2770C28D0003DC44 /* Sources */,
				F825240F2770C28D0003DC44 /* Frameworks */,
				F82524102770C28D0003DC44 /* Resources */,
			);
			buildRules = (
			);
			dependencies = (
			);
			name = DDD3;
			productName = DDD3;
			productReference = F82524122770C28D0003DC44 /* DDD3.app */;
			productType = "com.apple.product-type.application";
		};
/* End PBXNativeTarget section */

/* Begin PBXProject section */
		F825240A2770C28D0003DC44 /* Project object */ = {
			isa = PBXProject;
			attributes = {
				BuildIndependentTargetsInParallel = 1;
				LastSwiftUpdateCheck = 1320;
				LastUpgradeCheck = 1320;
				TargetAttributes = {
					F82524112770C28D0003DC44 = {
						CreatedOnToolsVersion = 13.2;
					};
				};
			};
			buildConfigurationList = F825240D2770C28D0003DC44 /* Build configuration list for PBXProject "DDD3" */;
			compatibilityVersion = "Xcode 13.0";
			developmentRegion = en;
			hasScannedForEncodings = 0;
			knownRegions = (
				en,
				Base,
			);
			mainGroup = F82524092770C28D0003DC44;
			productRefGroup = F82524132770C28D0003DC44 /* Products */;
			projectDirPath = "";
			projectRoot = "";
			targets = (
				F82524112770C28D0003DC44 /* DDD3 */,
			);
		};
/* End PBXProject section */

/* Begin PBXResourcesBuildPhase section */
		F82524102770C28D0003DC44 /* Resources */ = {
			isa = PBXResourcesBuildPhase;
			buildActionMask = 2147483647;
			files = (
				F825241D2770C2900003DC44 /* Preview Assets.xcassets in Resources */,
				F825241A2770C2900003DC44 /* Assets.xcassets in Resources */,
			);
			runOnlyForDeploymentPostprocessing = 0;
		};
/* End PBXResourcesBuildPhase section */

/* Begin PBXSourcesBuildPhase section */
		F825240E2770C28D0003DC44 /* Sources */ = {
			isa = PBXSourcesBuildPhase;
			buildActionMask = 2147483647;
			files = (
				F8E70139277A1E6000AE4C2F /* BoiteData.swift in Sources */,
				F8870F2327713CF2007B20F6 /* DDD3CardView.swift in Sources */,
				F82524182770C28D0003DC44 /* DDD3ContentView.swift in Sources */,
				F8B7DA412791EFBD00B547C2 /* BoiteRowView.swift in Sources */,
				F8A619352777716F004253EB /* LetsGoButtonView.swift in Sources */,
				F8A6193727777F28004253EB /* OnboardingView.swift in Sources */,
				F82524162770C28D0003DC44 /* DDD3App.swift in Sources */,
				F8E70136277A19EA00AE4C2F /* BoiteModel.swift in Sources */,
			);
			runOnlyForDeploymentPostprocessing = 0;
		};
/* End PBXSourcesBuildPhase section */

/* Begin XCBuildConfiguration section */
		F825241E2770C2900003DC44 /* Debug */ = {
			isa = XCBuildConfiguration;
			buildSettings = {
				ALWAYS_SEARCH_USER_PATHS = NO;
				CLANG_ANALYZER_NONNULL = YES;
				CLANG_ANALYZER_NUMBER_OBJECT_CONVERSION = YES_AGGRESSIVE;
				CLANG_CXX_LANGUAGE_STANDARD = "gnu++17";
				CLANG_CXX_LIBRARY = "libc++";
				CLANG_ENABLE_MODULES = YES;
				CLANG_ENABLE_OBJC_ARC = YES;
				CLANG_ENABLE_OBJC_WEAK = YES;
				CLANG_WARN_BLOCK_CAPTURE_AUTORELEASING = YES;
				CLANG_WARN_BOOL_CONVERSION = YES;
				CLANG_WARN_COMMA = YES;
				CLANG_WARN_CONSTANT_CONVERSION = YES;
				CLANG_WARN_DEPRECATED_OBJC_IMPLEMENTATIONS = YES;
				CLANG_WARN_DIRECT_OBJC_ISA_USAGE = YES_ERROR;
				CLANG_WARN_DOCUMENTATION_COMMENTS = YES;
				CLANG_WARN_EMPTY_BODY = YES;
				CLANG_WARN_ENUM_CONVERSION = YES;
				CLANG_WARN_INFINITE_RECURSION = YES;
				CLANG_WARN_INT_CONVERSION = YES;
				CLANG_WARN_NON_LITERAL_NULL_CONVERSION = YES;
				CLANG_WARN_OBJC_IMPLICIT_RETAIN_SELF = YES;
				CLANG_WARN_OBJC_LITERAL_CONVERSION = YES;
				CLANG_WARN_OBJC_ROOT_CLASS = YES_ERROR;
				CLANG_WARN_QUOTED_INCLUDE_IN_FRAMEWORK_HEADER = YES;
				CLANG_WARN_RANGE_LOOP_ANALYSIS = YES;
				CLANG_WARN_STRICT_PROTOTYPES = YES;
				CLANG_WARN_SUSPICIOUS_MOVE = YES;
				CLANG_WARN_UNGUARDED_AVAILABILITY = YES_AGGRESSIVE;
				CLANG_WARN_UNREACHABLE_CODE = YES;
				CLANG_WARN__DUPLICATE_METHOD_MATCH = YES;
				COPY_PHASE_STRIP = NO;
				DEBUG_INFORMATION_FORMAT = dwarf;
				ENABLE_STRICT_OBJC_MSGSEND = YES;
				ENABLE_TESTABILITY = YES;
				GCC_C_LANGUAGE_STANDARD = gnu11;
				GCC_DYNAMIC_NO_PIC = NO;
				GCC_NO_COMMON_BLOCKS = YES;
				GCC_OPTIMIZATION_LEVEL = 0;
				GCC_PREPROCESSOR_DEFINITIONS = (
					"DEBUG=1",
					"$(inherited)",
				);
				GCC_WARN_64_TO_32_BIT_CONVERSION = YES;
				GCC_WARN_ABOUT_RETURN_TYPE = YES_ERROR;
				GCC_WARN_UNDECLARED_SELECTOR = YES;
				GCC_WARN_UNINITIALIZED_AUTOS = YES_AGGRESSIVE;
				GCC_WARN_UNUSED_FUNCTION = YES;
				GCC_WARN_UNUSED_VARIABLE = YES;
				IPHONEOS_DEPLOYMENT_TARGET = 15.2;
				MTL_ENABLE_DEBUG_INFO = INCLUDE_SOURCE;
				MTL_FAST_MATH = YES;
				ONLY_ACTIVE_ARCH = YES;
				SDKROOT = iphoneos;
				SWIFT_ACTIVE_COMPILATION_CONDITIONS = DEBUG;
				SWIFT_OPTIMIZATION_LEVEL = "-Onone";
			};
			name = Debug;
		};
		F825241F2770C2900003DC44 /* Release */ = {
			isa = XCBuildConfiguration;
			buildSettings = {
				ALWAYS_SEARCH_USER_PATHS = NO;
				CLANG_ANALYZER_NONNULL = YES;
				CLANG_ANALYZER_NUMBER_OBJECT_CONVERSION = YES_AGGRESSIVE;
				CLANG_CXX_LANGUAGE_STANDARD = "gnu++17";
				CLANG_CXX_LIBRARY = "libc++";
				CLANG_ENABLE_MODULES = YES;
				CLANG_ENABLE_OBJC_ARC = YES;
				CLANG_ENABLE_OBJC_WEAK = YES;
				CLANG_WARN_BLOCK_CAPTURE_AUTORELEASING = YES;
				CLANG_WARN_BOOL_CONVERSION = YES;
				CLANG_WARN_COMMA = YES;
				CLANG_WARN_CONSTANT_CONVERSION = YES;
				CLANG_WARN_DEPRECATED_OBJC_IMPLEMENTATIONS = YES;
				CLANG_WARN_DIRECT_OBJC_ISA_USAGE = YES_ERROR;
				CLANG_WARN_DOCUMENTATION_COMMENTS = YES;
				CLANG_WARN_EMPTY_BODY = YES;
				CLANG_WARN_ENUM_CONVERSION = YES;
				CLANG_WARN_INFINITE_RECURSION = YES;
				CLANG_WARN_INT_CONVERSION = YES;
				CLANG_WARN_NON_LITERAL_NULL_CONVERSION = YES;
				CLANG_WARN_OBJC_IMPLICIT_RETAIN_SELF = YES;
				CLANG_WARN_OBJC_LITERAL_CONVERSION = YES;
				CLANG_WARN_OBJC_ROOT_CLASS = YES_ERROR;
				CLANG_WARN_QUOTED_INCLUDE_IN_FRAMEWORK_HEADER = YES;
				CLANG_WARN_RANGE_LOOP_ANALYSIS = YES;
				CLANG_WARN_STRICT_PROTOTYPES = YES;
				CLANG_WARN_SUSPICIOUS_MOVE = YES;
				CLANG_WARN_UNGUARDED_AVAILABILITY = YES_AGGRESSIVE;
				CLANG_WARN_UNREACHABLE_CODE = YES;
				CLANG_WARN__DUPLICATE_METHOD_MATCH = YES;
				COPY_PHASE_STRIP = NO;
				DEBUG_INFORMATION_FORMAT = "dwarf-with-dsym";
				ENABLE_NS_ASSERTIONS = NO;
				ENABLE_STRICT_OBJC_MSGSEND = YES;
				GCC_C_LANGUAGE_STANDARD = gnu11;
				GCC_NO_COMMON_BLOCKS = YES;
				GCC_WARN_64_TO_32_BIT_CONVERSION = YES;
				GCC_WARN_ABOUT_RETURN_TYPE = YES_ERROR;
				GCC_WARN_UNDECLARED_SELECTOR = YES;
				GCC_WARN_UNINITIALIZED_AUTOS = YES_AGGRESSIVE;
				GCC_WARN_UNUSED_FUNCTION = YES;
				GCC_WARN_UNUSED_VARIABLE = YES;
				IPHONEOS_DEPLOYMENT_TARGET = 15.2;
				MTL_ENABLE_DEBUG_INFO = NO;
				MTL_FAST_MATH = YES;
				SDKROOT = iphoneos;
				SWIFT_COMPILATION_MODE = wholemodule;
				SWIFT_OPTIMIZATION_LEVEL = "-O";
				VALIDATE_PRODUCT = YES;
			};
			name = Release;
		};
		F82524212770C2900003DC44 /* Debug */ = {
			isa = XCBuildConfiguration;
			buildSettings = {
				ASSETCATALOG_COMPILER_APPICON_NAME = AppIcon;
				ASSETCATALOG_COMPILER_GLOBAL_ACCENT_COLOR_NAME = AccentColor;
				CODE_SIGN_STYLE = Automatic;
				CURRENT_PROJECT_VERSION = 1;
				DEVELOPMENT_ASSET_PATHS = "\"DDD3/Preview Content\"";
				DEVELOPMENT_TEAM = KRUHW4V9N9;
				ENABLE_PREVIEWS = YES;
				GENERATE_INFOPLIST_FILE = YES;
				INFOPLIST_KEY_UIApplicationSceneManifest_Generation = YES;
				INFOPLIST_KEY_UIApplicationSupportsIndirectInputEvents = YES;
				INFOPLIST_KEY_UILaunchScreen_Generation = YES;
				INFOPLIST_KEY_UISupportedInterfaceOrientations = UIInterfaceOrientationPortrait;
				INFOPLIST_KEY_UISupportedInterfaceOrientations_iPad = "UIInterfaceOrientationPortrait UIInterfaceOrientationPortraitUpsideDown UIInterfaceOrientationLandscapeLeft UIInterfaceOrientationLandscapeRight";
				INFOPLIST_KEY_UISupportedInterfaceOrientations_iPhone = "UIInterfaceOrientationPortrait UIInterfaceOrientationLandscapeLeft UIInterfaceOrientationLandscapeRight";
				LD_RUNPATH_SEARCH_PATHS = (
					"$(inherited)",
					"@executable_path/Frameworks",
				);
				MARKETING_VERSION = 1.1;
				PRODUCT_BUNDLE_IDENTIFIER = com.Dylan.DDD3;
				PRODUCT_NAME = "$(TARGET_NAME)";
				SWIFT_EMIT_LOC_STRINGS = YES;
				SWIFT_VERSION = 5.0;
				TARGETED_DEVICE_FAMILY = "1,2";
			};
			name = Debug;
		};
		F82524222770C2900003DC44 /* Release */ = {
			isa = XCBuildConfiguration;
			buildSettings = {
				ASSETCATALOG_COMPILER_APPICON_NAME = AppIcon;
				ASSETCATALOG_COMPILER_GLOBAL_ACCENT_COLOR_NAME = AccentColor;
				CODE_SIGN_STYLE = Automatic;
				CURRENT_PROJECT_VERSION = 1;
				DEVELOPMENT_ASSET_PATHS = "\"DDD3/Preview Content\"";
				DEVELOPMENT_TEAM = KRUHW4V9N9;
				ENABLE_PREVIEWS = YES;
				GENERATE_INFOPLIST_FILE = YES;
				INFOPLIST_KEY_UIApplicationSceneManifest_Generation = YES;
				INFOPLIST_KEY_UIApplicationSupportsIndirectInputEvents = YES;
				INFOPLIST_KEY_UILaunchScreen_Generation = YES;
				INFOPLIST_KEY_UISupportedInterfaceOrientations = UIInterfaceOrientationPortrait;
				INFOPLIST_KEY_UISupportedInterfaceOrientations_iPad = "UIInterfaceOrientationPortrait UIInterfaceOrientationPortraitUpsideDown UIInterfaceOrientationLandscapeLeft UIInterfaceOrientationLandscapeRight";
				INFOPLIST_KEY_UISupportedInterfaceOrientations_iPhone = "UIInterfaceOrientationPortrait UIInterfaceOrientationLandscapeLeft UIInterfaceOrientationLandscapeRight";
				LD_RUNPATH_SEARCH_PATHS = (
					"$(inherited)",
					"@executable_path/Frameworks",
				);
				MARKETING_VERSION = 1.1;
				PRODUCT_BUNDLE_IDENTIFIER = com.Dylan.DDD3;
				PRODUCT_NAME = "$(TARGET_NAME)";
				SWIFT_EMIT_LOC_STRINGS = YES;
				SWIFT_VERSION = 5.0;
				TARGETED_DEVICE_FAMILY = "1,2";
			};
			name = Release;
		};
/* End XCBuildConfiguration section */

/* Begin XCConfigurationList section */
		F825240D2770C28D0003DC44 /* Build configuration list for PBXProject "DDD3" */ = {
			isa = XCConfigurationList;
			buildConfigurations = (
				F825241E2770C2900003DC44 /* Debug */,
				F825241F2770C2900003DC44 /* Release */,
			);
			defaultConfigurationIsVisible = 0;
			defaultConfigurationName = Release;
		};
		F82524202770C2900003DC44 /* Build configuration list for PBXNativeTarget "DDD3" */ = {
			isa = XCConfigurationList;
			buildConfigurations = (
				F82524212770C2900003DC44 /* Debug */,
				F82524222770C2900003DC44 /* Release */,
			);
			defaultConfigurationIsVisible = 0;
			defaultConfigurationName = Release;
		};
/* End XCConfigurationList section */
	};
	rootObject = F825240A2770C28D0003DC44 /* Project object */;
}
